
Microsoft Visual Studio Solution File, Format Version 12.00
# Visual Studio 15
VisualStudioVersion = 15.0.26403.7
MinimumVisualStudioVersion = 10.0.40219.1
Project("{FAE04EC0-301F-11D3-BF4B-00C04F79EFBC}") = "DevDive.Main", "DevDive.Main\DevDive.Main.csproj", "{3B82EB66-5141-4D4F-8851-5A95E35E36B5}"
EndProject
Project("{FAE04EC0-301F-11D3-BF4B-00C04F79EFBC}") = "DevDive.Register", "..\DevDive.Register\DevDive.Register.csproj", "{27F6847F-7A2F-4CF9-AF49-DC450EF71B4B}"
EndProject
Project("{FAE04EC0-301F-11D3-BF4B-00C04F79EFBC}") = "DevDive.Production", "..\DevDive.Production\DevDive.Production.csproj", "{70B1F669-C28B-4077-850C-7F41D100D313}"
EndProject
Project("{FAE04EC0-301F-11D3-BF4B-00C04F79EFBC}") = "DevDive.Common", "..\DevDive.Common\DevDive.Common.csproj", "{3485CCC9-30C4-4E07-BF7B-D227D08F9020}"
EndProject
Project("{2150E333-8FDC-42A3-9474-1A3956D46DE8}") = "Solution Items", "Solution Items", "{F067BB9E-9967-4D30-936E-578A8E65CEAD}"
	ProjectSection(SolutionItems) = preProject
		IpExterno.txt = IpExterno.txt
	EndProjectSection
EndProject
Global
	GlobalSection(SolutionConfigurationPlatforms) = preSolution
		Debug|Any CPU = Debug|Any CPU
		Debug|x64 = Debug|x64
		Debug|x86 = Debug|x86
		ObfuscatedRelease|Any CPU = ObfuscatedRelease|Any CPU
		ObfuscatedRelease|x64 = ObfuscatedRelease|x64
		ObfuscatedRelease|x86 = ObfuscatedRelease|x86
		Release|Any CPU = Release|Any CPU
		Release|x64 = Release|x64
		Release|x86 = Release|x86
	EndGlobalSection
	GlobalSection(ProjectConfigurationPlatforms) = postSolution
		{3B82EB66-5141-4D4F-8851-5A95E35E36B5}.Debug|Any CPU.ActiveCfg = Debug|Any CPU
		{3B82EB66-5141-4D4F-8851-5A95E35E36B5}.Debug|Any CPU.Build.0 = Debug|Any CPU
		{3B82EB66-5141-4D4F-8851-5A95E35E36B5}.Debug|x64.ActiveCfg = Debug|Any CPU
		{3B82EB66-5141-4D4F-8851-5A95E35E36B5}.Debug|x64.Build.0 = Debug|Any CPU
		{3B82EB66-5141-4D4F-8851-5A95E35E36B5}.Debug|x86.ActiveCfg = Debug|Any CPU
		{3B82EB66-5141-4D4F-8851-5A95E35E36B5}.Debug|x86.Build.0 = Debug|Any CPU
		{3B82EB66-5141-4D4F-8851-5A95E35E36B5}.ObfuscatedRelease|Any CPU.ActiveCfg = Release|Any CPU
		{3B82EB66-5141-4D4F-8851-5A95E35E36B5}.ObfuscatedRelease|Any CPU.Build.0 = Release|Any CPU
		{3B82EB66-5141-4D4F-8851-5A95E35E36B5}.ObfuscatedRelease|x64.ActiveCfg = Release|Any CPU
		{3B82EB66-5141-4D4F-8851-5A95E35E36B5}.ObfuscatedRelease|x64.Build.0 = Release|Any CPU
		{3B82EB66-5141-4D4F-8851-5A95E35E36B5}.ObfuscatedRelease|x86.ActiveCfg = Release|Any CPU
		{3B82EB66-5141-4D4F-8851-5A95E35E36B5}.ObfuscatedRelease|x86.Build.0 = Release|Any CPU
		{3B82EB66-5141-4D4F-8851-5A95E35E36B5}.Release|Any CPU.ActiveCfg = Release|Any CPU
		{3B82EB66-5141-4D4F-8851-5A95E35E36B5}.Release|Any CPU.Build.0 = Release|Any CPU
		{3B82EB66-5141-4D4F-8851-5A95E35E36B5}.Release|x64.ActiveCfg = Release|Any CPU
		{3B82EB66-5141-4D4F-8851-5A95E35E36B5}.Release|x64.Build.0 = Release|Any CPU
		{3B82EB66-5141-4D4F-8851-5A95E35E36B5}.Release|x86.ActiveCfg = Release|Any CPU
		{3B82EB66-5141-4D4F-8851-5A95E35E36B5}.Release|x86.Build.0 = Release|Any CPU
		{27F6847F-7A2F-4CF9-AF49-DC450EF71B4B}.Debug|Any CPU.ActiveCfg = Debug|Any CPU
		{27F6847F-7A2F-4CF9-AF49-DC450EF71B4B}.Debug|Any CPU.Build.0 = Debug|Any CPU
		{27F6847F-7A2F-4CF9-AF49-DC450EF71B4B}.Debug|x64.ActiveCfg = Debug|Any CPU
		{27F6847F-7A2F-4CF9-AF49-DC450EF71B4B}.Debug|x64.Build.0 = Debug|Any CPU
		{27F6847F-7A2F-4CF9-AF49-DC450EF71B4B}.Debug|x86.ActiveCfg = Debug|Any CPU
		{27F6847F-7A2F-4CF9-AF49-DC450EF71B4B}.Debug|x86.Build.0 = Debug|Any CPU
		{27F6847F-7A2F-4CF9-AF49-DC450EF71B4B}.ObfuscatedRelease|Any CPU.ActiveCfg = Release|Any CPU
		{27F6847F-7A2F-4CF9-AF49-DC450EF71B4B}.ObfuscatedRelease|Any CPU.Build.0 = Release|Any CPU
		{27F6847F-7A2F-4CF9-AF49-DC450EF71B4B}.ObfuscatedRelease|x64.ActiveCfg = Release|Any CPU
		{27F6847F-7A2F-4CF9-AF49-DC450EF71B4B}.ObfuscatedRelease|x64.Build.0 = Release|Any CPU
		{27F6847F-7A2F-4CF9-AF49-DC450EF71B4B}.ObfuscatedRelease|x86.ActiveCfg = Release|Any CPU
		{27F6847F-7A2F-4CF9-AF49-DC450EF71B4B}.ObfuscatedRelease|x86.Build.0 = Release|Any CPU
		{27F6847F-7A2F-4CF9-AF49-DC450EF71B4B}.Release|Any CPU.ActiveCfg = Release|Any CPU
		{27F6847F-7A2F-4CF9-AF49-DC450EF71B4B}.Release|Any CPU.Build.0 = Release|Any CPU
		{27F6847F-7A2F-4CF9-AF49-DC450EF71B4B}.Release|x64.ActiveCfg = Release|Any CPU
		{27F6847F-7A2F-4CF9-AF49-DC450EF71B4B}.Release|x64.Build.0 = Release|Any CPU
		{27F6847F-7A2F-4CF9-AF49-DC450EF71B4B}.Release|x86.ActiveCfg = Release|Any CPU
		{27F6847F-7A2F-4CF9-AF49-DC450EF71B4B}.Release|x86.Build.0 = Release|Any CPU
		{70B1F669-C28B-4077-850C-7F41D100D313}.Debug|Any CPU.ActiveCfg = Debug|Any CPU
		{70B1F669-C28B-4077-850C-7F41D100D313}.Debug|Any CPU.Build.0 = Debug|Any CPU
		{70B1F669-C28B-4077-850C-7F41D100D313}.Debug|x64.ActiveCfg = Debug|Any CPU
		{70B1F669-C28B-4077-850C-7F41D100D313}.Debug|x64.Build.0 = Debug|Any CPU
		{70B1F669-C28B-4077-850C-7F41D100D313}.Debug|x86.ActiveCfg = Debug|Any CPU
		{70B1F669-C28B-4077-850C-7F41D100D313}.Debug|x86.Build.0 = Debug|Any CPU
		{70B1F669-C28B-4077-850C-7F41D100D313}.ObfuscatedRelease|Any CPU.ActiveCfg = Release|Any CPU
		{70B1F669-C28B-4077-850C-7F41D100D313}.ObfuscatedRelease|Any CPU.Build.0 = Release|Any CPU
		{70B1F669-C28B-4077-850C-7F41D100D313}.ObfuscatedRelease|x64.ActiveCfg = Release|Any CPU
		{70B1F669-C28B-4077-850C-7F41D100D313}.ObfuscatedRelease|x64.Build.0 = Release|Any CPU
		{70B1F669-C28B-4077-850C-7F41D100D313}.ObfuscatedRelease|x86.ActiveCfg = Release|Any CPU
		{70B1F669-C28B-4077-850C-7F41D100D313}.ObfuscatedRelease|x86.Build.0 = Release|Any CPU
		{70B1F669-C28B-4077-850C-7F41D100D313}.Release|Any CPU.ActiveCfg = Release|Any CPU
		{70B1F669-C28B-4077-850C-7F41D100D313}.Release|Any CPU.Build.0 = Release|Any CPU
		{70B1F669-C28B-4077-850C-7F41D100D313}.Release|x64.ActiveCfg = Release|Any CPU
		{70B1F669-C28B-4077-850C-7F41D100D313}.Release|x64.Build.0 = Release|Any CPU
		{70B1F669-C28B-4077-850C-7F41D100D313}.Release|x86.ActiveCfg = Release|Any CPU
		{70B1F669-C28B-4077-850C-7F41D100D313}.Release|x86.Build.0 = Release|Any CPU
		{3485CCC9-30C4-4E07-BF7B-D227D08F9020}.Debug|Any CPU.ActiveCfg = Debug|Any CPU
		{3485CCC9-30C4-4E07-BF7B-D227D08F9020}.Debug|Any CPU.Build.0 = Debug|Any CPU
		{3485CCC9-30C4-4E07-BF7B-D227D08F9020}.Debug|x64.ActiveCfg = Debug|Any CPU
		{3485CCC9-30C4-4E07-BF7B-D227D08F9020}.Debug|x64.Build.0 = Debug|Any CPU
		{3485CCC9-30C4-4E07-BF7B-D227D08F9020}.Debug|x86.ActiveCfg = Debug|Any CPU
		{3485CCC9-30C4-4E07-BF7B-D227D08F9020}.Debug|x86.Build.0 = Debug|Any CPU
		{3485CCC9-30C4-4E07-BF7B-D227D08F9020}.ObfuscatedRelease|Any CPU.ActiveCfg = Release|Any CPU
		{3485CCC9-30C4-4E07-BF7B-D227D08F9020}.ObfuscatedRelease|Any CPU.Build.0 = Release|Any CPU
		{3485CCC9-30C4-4E07-BF7B-D227D08F9020}.ObfuscatedRelease|x64.ActiveCfg = Release|Any CPU
		{3485CCC9-30C4-4E07-BF7B-D227D08F9020}.ObfuscatedRelease|x64.Build.0 = Release|Any CPU
		{3485CCC9-30C4-4E07-BF7B-D227D08F9020}.ObfuscatedRelease|x86.ActiveCfg = Release|Any CPU
		{3485CCC9-30C4-4E07-BF7B-D227D08F9020}.ObfuscatedRelease|x86.Build.0 = Release|Any CPU
		{3485CCC9-30C4-4E07-BF7B-D227D08F9020}.Release|Any CPU.ActiveCfg = Release|Any CPU
		{3485CCC9-30C4-4E07-BF7B-D227D08F9020}.Release|Any CPU.Build.0 = Release|Any CPU
		{3485CCC9-30C4-4E07-BF7B-D227D08F9020}.Release|x64.ActiveCfg = Release|Any CPU
		{3485CCC9-30C4-4E07-BF7B-D227D08F9020}.Release|x64.Build.0 = Release|Any CPU
		{3485CCC9-30C4-4E07-BF7B-D227D08F9020}.Release|x86.ActiveCfg = Release|Any CPU
		{3485CCC9-30C4-4E07-BF7B-D227D08F9020}.Release|x86.Build.0 = Release|Any CPU
	EndGlobalSection
	GlobalSection(SolutionProperties) = preSolution
		HideSolutionNode = FALSE
	EndGlobalSection
EndGlobal
